
Microsoft Visual Studio Solution File, Format Version 12.00
# Visual Studio Version 16
VisualStudioVersion = 16.0.29306.81
MinimumVisualStudioVersion = 10.0.40219.1
Project("{FAE04EC0-301F-11D3-BF4B-00C04F79EFBC}") = "Log", "Log\Log.csproj", "{B0483878-3563-41B7-A7A4-D72EC3C564C2}"
EndProject
Project("{FAE04EC0-301F-11D3-BF4B-00C04F79EFBC}") = "Log.Test", "Log.Test\Log.Test.csproj", "{F2F9F51B-0123-4B08-B9D8-B80C5AA4297D}"
EndProject
Global
	GlobalSection(SolutionConfigurationPlatforms) = preSolution
		Debug|Any CPU = Debug|Any CPU
		Release|Any CPU = Release|Any CPU
	EndGlobalSection
	GlobalSection(ProjectConfigurationPlatforms) = postSolution
		{B0483878-3563-41B7-A7A4-D72EC3C564C2}.Debug|Any CPU.ActiveCfg = Debug|Any CPU
		{B0483878-3563-41B7-A7A4-D72EC3C564C2}.Debug|Any CPU.Build.0 = Debug|Any CPU
		{B0483878-3563-41B7-A7A4-D72EC3C564C2}.Release|Any CPU.ActiveCfg = Release|Any CPU
		{B0483878-3563-41B7-A7A4-D72EC3C564C2}.Release|Any CPU.Build.0 = Release|Any CPU
		{F2F9F51B-0123-4B08-B9D8-B80C5AA4297D}.Debug|Any CPU.ActiveCfg = Debug|Any CPU
		{F2F9F51B-0123-4B08-B9D8-B80C5AA4297D}.Debug|Any CPU.Build.0 = Debug|Any CPU
		{F2F9F51B-0123-4B08-B9D8-B80C5AA4297D}.Release|Any CPU.ActiveCfg = Release|Any CPU
		{F2F9F51B-0123-4B08-B9D8-B80C5AA4297D}.Release|Any CPU.Build.0 = Release|Any CPU
	EndGlobalSection
	GlobalSection(SolutionProperties) = preSolution
		HideSolutionNode = FALSE
	EndGlobalSection
	GlobalSection(ExtensibilityGlobals) = postSolution
		SolutionGuid = {82A64EBC-EF1D-4034-8B73-796018E3685B}
	EndGlobalSection
EndGlobal
